
Microsoft Visual Studio Solution File, Format Version 12.00
# Visual Studio Version 17
VisualStudioVersion = 17.3.32819.101
MinimumVisualStudioVersion = 10.0.40219.1
Project("{9A19103F-16F7-4668-BE54-9A1E7A4F7556}") = "TranBaVuBTH2", "TranBaVuBTH2.csproj", "{40AB89E1-7DD4-4145-860D-7DEB9DC89485}"
EndProject
Global
	GlobalSection(SolutionConfigurationPlatforms) = preSolution
		Debug|Any CPU = Debug|Any CPU
		Release|Any CPU = Release|Any CPU
	EndGlobalSection
	GlobalSection(ProjectConfigurationPlatforms) = postSolution
		{40AB89E1-7DD4-4145-860D-7DEB9DC89485}.Debug|Any CPU.ActiveCfg = Debug|Any CPU
		{40AB89E1-7DD4-4145-860D-7DEB9DC89485}.Debug|Any CPU.Build.0 = Debug|Any CPU
		{40AB89E1-7DD4-4145-860D-7DEB9DC89485}.Release|Any CPU.ActiveCfg = Release|Any CPU
		{40AB89E1-7DD4-4145-860D-7DEB9DC89485}.Release|Any CPU.Build.0 = Release|Any CPU
	EndGlobalSection
	GlobalSection(SolutionProperties) = preSolution
		HideSolutionNode = FALSE
	EndGlobalSection
	GlobalSection(ExtensibilityGlobals) = postSolution
		SolutionGuid = {7C901EA6-B570-4CBB-B29E-81D0178745FB}
	EndGlobalSection
EndGlobal
